
Microsoft Visual Studio Solution File, Format Version 12.00
# Visual Studio Version 16
VisualStudioVersion = 16.0.30503.244
MinimumVisualStudioVersion = 10.0.40219.1
Project("{FAE04EC0-301F-11D3-BF4B-00C04F79EFBC}") = "yh2", "yh2\yh2.csproj", "{FD223ABF-05E3-4D2C-B3AD-FA4ED84DE950}"
EndProject
Global
	GlobalSection(SolutionConfigurationPlatforms) = preSolution
		Debug|Any CPU = Debug|Any CPU
		Release|Any CPU = Release|Any CPU
	EndGlobalSection
	GlobalSection(ProjectConfigurationPlatforms) = postSolution
		{FD223ABF-05E3-4D2C-B3AD-FA4ED84DE950}.Debug|Any CPU.ActiveCfg = Debug|Any CPU
		{FD223ABF-05E3-4D2C-B3AD-FA4ED84DE950}.Debug|Any CPU.Build.0 = Debug|Any CPU
		{FD223ABF-05E3-4D2C-B3AD-FA4ED84DE950}.Release|Any CPU.ActiveCfg = Release|Any CPU
		{FD223ABF-05E3-4D2C-B3AD-FA4ED84DE950}.Release|Any CPU.Build.0 = Release|Any CPU
	EndGlobalSection
	GlobalSection(SolutionProperties) = preSolution
		HideSolutionNode = FALSE
	EndGlobalSection
	GlobalSection(ExtensibilityGlobals) = postSolution
		SolutionGuid = {B3110573-E254-4188-A3AB-3F7CC51FDDA7}
	EndGlobalSection
EndGlobal
