
Microsoft Visual Studio Solution File, Format Version 12.00
# Visual Studio Version 16
VisualStudioVersion = 16.0.30503.244
MinimumVisualStudioVersion = 10.0.40219.1
Project("{FAE04EC0-301F-11D3-BF4B-00C04F79EFBC}") = "Regenyalakok", "Regenyalakok\Regenyalakok.csproj", "{087379EA-4DD5-425F-95A1-C2F67F77DB8E}"
EndProject
Global
	GlobalSection(SolutionConfigurationPlatforms) = preSolution
		Debug|Any CPU = Debug|Any CPU
		Release|Any CPU = Release|Any CPU
	EndGlobalSection
	GlobalSection(ProjectConfigurationPlatforms) = postSolution
		{087379EA-4DD5-425F-95A1-C2F67F77DB8E}.Debug|Any CPU.ActiveCfg = Debug|Any CPU
		{087379EA-4DD5-425F-95A1-C2F67F77DB8E}.Debug|Any CPU.Build.0 = Debug|Any CPU
		{087379EA-4DD5-425F-95A1-C2F67F77DB8E}.Release|Any CPU.ActiveCfg = Release|Any CPU
		{087379EA-4DD5-425F-95A1-C2F67F77DB8E}.Release|Any CPU.Build.0 = Release|Any CPU
	EndGlobalSection
	GlobalSection(SolutionProperties) = preSolution
		HideSolutionNode = FALSE
	EndGlobalSection
	GlobalSection(ExtensibilityGlobals) = postSolution
		SolutionGuid = {824D9200-65C7-4B8F-AE8B-00085F9CA9BA}
	EndGlobalSection
EndGlobal
