
Microsoft Visual Studio Solution File, Format Version 12.00
# Visual Studio Version 16
VisualStudioVersion = 16.0.30503.244
MinimumVisualStudioVersion = 10.0.40219.1
Project("{FAE04EC0-301F-11D3-BF4B-00C04F79EFBC}") = "Licitvadaszok", "Licitvadaszok\Licitvadaszok.csproj", "{C2AD9863-CB1E-4703-9BDB-49F419677E5A}"
EndProject
Global
	GlobalSection(SolutionConfigurationPlatforms) = preSolution
		Debug|Any CPU = Debug|Any CPU
		Release|Any CPU = Release|Any CPU
	EndGlobalSection
	GlobalSection(ProjectConfigurationPlatforms) = postSolution
		{C2AD9863-CB1E-4703-9BDB-49F419677E5A}.Debug|Any CPU.ActiveCfg = Debug|Any CPU
		{C2AD9863-CB1E-4703-9BDB-49F419677E5A}.Debug|Any CPU.Build.0 = Debug|Any CPU
		{C2AD9863-CB1E-4703-9BDB-49F419677E5A}.Release|Any CPU.ActiveCfg = Release|Any CPU
		{C2AD9863-CB1E-4703-9BDB-49F419677E5A}.Release|Any CPU.Build.0 = Release|Any CPU
	EndGlobalSection
	GlobalSection(SolutionProperties) = preSolution
		HideSolutionNode = FALSE
	EndGlobalSection
	GlobalSection(ExtensibilityGlobals) = postSolution
		SolutionGuid = {CB55ECAC-422A-4863-A3D6-6DAAA772289C}
	EndGlobalSection
EndGlobal
