
Microsoft Visual Studio Solution File, Format Version 12.00
# Visual Studio Version 16
VisualStudioVersion = 16.0.29411.108
MinimumVisualStudioVersion = 10.0.40219.1
Project("{FAE04EC0-301F-11D3-BF4B-00C04F79EFBC}") = "permutaciok", "permutaciok\permutaciok.csproj", "{990DB884-B816-40D5-A4B6-50FAA70FBF18}"
EndProject
Global
	GlobalSection(SolutionConfigurationPlatforms) = preSolution
		Debug|Any CPU = Debug|Any CPU
		Release|Any CPU = Release|Any CPU
	EndGlobalSection
	GlobalSection(ProjectConfigurationPlatforms) = postSolution
		{990DB884-B816-40D5-A4B6-50FAA70FBF18}.Debug|Any CPU.ActiveCfg = Debug|Any CPU
		{990DB884-B816-40D5-A4B6-50FAA70FBF18}.Debug|Any CPU.Build.0 = Debug|Any CPU
		{990DB884-B816-40D5-A4B6-50FAA70FBF18}.Release|Any CPU.ActiveCfg = Release|Any CPU
		{990DB884-B816-40D5-A4B6-50FAA70FBF18}.Release|Any CPU.Build.0 = Release|Any CPU
	EndGlobalSection
	GlobalSection(SolutionProperties) = preSolution
		HideSolutionNode = FALSE
	EndGlobalSection
	GlobalSection(ExtensibilityGlobals) = postSolution
		SolutionGuid = {C43CA6B1-139C-445F-8049-CA6C33DAFAC3}
	EndGlobalSection
EndGlobal
