
Microsoft Visual Studio Solution File, Format Version 12.00
# Visual Studio Version 16
VisualStudioVersion = 16.0.30503.244
MinimumVisualStudioVersion = 10.0.40219.1
Project("{FAE04EC0-301F-11D3-BF4B-00C04F79EFBC}") = "Kutyavasar", "Kutyavasar\Kutyavasar.csproj", "{1187881B-B535-4DB0-81B4-3F13E2AF7BBE}"
EndProject
Global
	GlobalSection(SolutionConfigurationPlatforms) = preSolution
		Debug|Any CPU = Debug|Any CPU
		Release|Any CPU = Release|Any CPU
	EndGlobalSection
	GlobalSection(ProjectConfigurationPlatforms) = postSolution
		{1187881B-B535-4DB0-81B4-3F13E2AF7BBE}.Debug|Any CPU.ActiveCfg = Debug|Any CPU
		{1187881B-B535-4DB0-81B4-3F13E2AF7BBE}.Debug|Any CPU.Build.0 = Debug|Any CPU
		{1187881B-B535-4DB0-81B4-3F13E2AF7BBE}.Release|Any CPU.ActiveCfg = Release|Any CPU
		{1187881B-B535-4DB0-81B4-3F13E2AF7BBE}.Release|Any CPU.Build.0 = Release|Any CPU
	EndGlobalSection
	GlobalSection(SolutionProperties) = preSolution
		HideSolutionNode = FALSE
	EndGlobalSection
	GlobalSection(ExtensibilityGlobals) = postSolution
		SolutionGuid = {7D993B6E-AA7F-4DB2-BED6-6CD6FA782633}
	EndGlobalSection
EndGlobal
