
Microsoft Visual Studio Solution File, Format Version 12.00
# Visual Studio Version 16
VisualStudioVersion = 16.0.29411.108
MinimumVisualStudioVersion = 10.0.40219.1
Project("{FAE04EC0-301F-11D3-BF4B-00C04F79EFBC}") = "tortaszeleteles", "tortaszeleteles\tortaszeleteles.csproj", "{C43E41C4-7B64-4ED7-8788-A60E2E50EDF9}"
EndProject
Global
	GlobalSection(SolutionConfigurationPlatforms) = preSolution
		Debug|Any CPU = Debug|Any CPU
		Release|Any CPU = Release|Any CPU
	EndGlobalSection
	GlobalSection(ProjectConfigurationPlatforms) = postSolution
		{C43E41C4-7B64-4ED7-8788-A60E2E50EDF9}.Debug|Any CPU.ActiveCfg = Debug|Any CPU
		{C43E41C4-7B64-4ED7-8788-A60E2E50EDF9}.Debug|Any CPU.Build.0 = Debug|Any CPU
		{C43E41C4-7B64-4ED7-8788-A60E2E50EDF9}.Release|Any CPU.ActiveCfg = Release|Any CPU
		{C43E41C4-7B64-4ED7-8788-A60E2E50EDF9}.Release|Any CPU.Build.0 = Release|Any CPU
	EndGlobalSection
	GlobalSection(SolutionProperties) = preSolution
		HideSolutionNode = FALSE
	EndGlobalSection
	GlobalSection(ExtensibilityGlobals) = postSolution
		SolutionGuid = {917C5CF1-B741-4184-9A46-2688B80F27D3}
	EndGlobalSection
EndGlobal
