
Microsoft Visual Studio Solution File, Format Version 12.00
# Visual Studio Version 16
VisualStudioVersion = 16.0.30503.244
MinimumVisualStudioVersion = 10.0.40219.1
Project("{FAE04EC0-301F-11D3-BF4B-00C04F79EFBC}") = "KoPapirOllo", "KoPapirOllo\KoPapirOllo.csproj", "{0CD90198-F981-4236-8263-00A97A2EC282}"
EndProject
Global
	GlobalSection(SolutionConfigurationPlatforms) = preSolution
		Debug|Any CPU = Debug|Any CPU
		Release|Any CPU = Release|Any CPU
	EndGlobalSection
	GlobalSection(ProjectConfigurationPlatforms) = postSolution
		{0CD90198-F981-4236-8263-00A97A2EC282}.Debug|Any CPU.ActiveCfg = Debug|Any CPU
		{0CD90198-F981-4236-8263-00A97A2EC282}.Debug|Any CPU.Build.0 = Debug|Any CPU
		{0CD90198-F981-4236-8263-00A97A2EC282}.Release|Any CPU.ActiveCfg = Release|Any CPU
		{0CD90198-F981-4236-8263-00A97A2EC282}.Release|Any CPU.Build.0 = Release|Any CPU
	EndGlobalSection
	GlobalSection(SolutionProperties) = preSolution
		HideSolutionNode = FALSE
	EndGlobalSection
	GlobalSection(ExtensibilityGlobals) = postSolution
		SolutionGuid = {1252215D-724C-458C-9A0B-3DFBCF5675AA}
	EndGlobalSection
EndGlobal
